
Microsoft Visual Studio Solution File, Format Version 12.00
# Visual Studio Version 17
VisualStudioVersion = 17.0.31903.59
MinimumVisualStudioVersion = 10.0.40219.1
Project("{2150E333-8FDC-42A3-9474-1A3956D46DE8}") = "src", "src", "{63795A67-D684-45AD-986A-83147CF07BD8}"
EndProject
Project("{FAE04EC0-301F-11D3-BF4B-00C04F79EFBC}") = "Teste.Bussiness", "src\Teste.Bussiness\Teste.Bussiness.csproj", "{D1677EC4-122D-4045-8948-6C5596533ECD}"
EndProject
Project("{FAE04EC0-301F-11D3-BF4B-00C04F79EFBC}") = "Teste.WebApi", "src\Teste.WebApi\Teste.WebApi.csproj", "{B2A4B904-E513-4481-A23D-FDD6E81E5A4A}"
EndProject
Project("{2150E333-8FDC-42A3-9474-1A3956D46DE8}") = "tests", "tests", "{FDB89FB2-B7D6-4D2D-A490-BAFB2780FC91}"
EndProject
Project("{FAE04EC0-301F-11D3-BF4B-00C04F79EFBC}") = "Teste.test", "tests\Teste.test\Teste.test.csproj", "{8DD5F9A1-DFD0-4176-AFBD-5C43A4C37B00}"
EndProject
Global
	GlobalSection(SolutionConfigurationPlatforms) = preSolution
		Debug|Any CPU = Debug|Any CPU
		Release|Any CPU = Release|Any CPU
	EndGlobalSection
	GlobalSection(SolutionProperties) = preSolution
		HideSolutionNode = FALSE
	EndGlobalSection
	GlobalSection(ProjectConfigurationPlatforms) = postSolution
		{D1677EC4-122D-4045-8948-6C5596533ECD}.Debug|Any CPU.ActiveCfg = Debug|Any CPU
		{D1677EC4-122D-4045-8948-6C5596533ECD}.Debug|Any CPU.Build.0 = Debug|Any CPU
		{D1677EC4-122D-4045-8948-6C5596533ECD}.Release|Any CPU.ActiveCfg = Release|Any CPU
		{D1677EC4-122D-4045-8948-6C5596533ECD}.Release|Any CPU.Build.0 = Release|Any CPU
		{B2A4B904-E513-4481-A23D-FDD6E81E5A4A}.Debug|Any CPU.ActiveCfg = Debug|Any CPU
		{B2A4B904-E513-4481-A23D-FDD6E81E5A4A}.Debug|Any CPU.Build.0 = Debug|Any CPU
		{B2A4B904-E513-4481-A23D-FDD6E81E5A4A}.Release|Any CPU.ActiveCfg = Release|Any CPU
		{B2A4B904-E513-4481-A23D-FDD6E81E5A4A}.Release|Any CPU.Build.0 = Release|Any CPU
		{8DD5F9A1-DFD0-4176-AFBD-5C43A4C37B00}.Debug|Any CPU.ActiveCfg = Debug|Any CPU
		{8DD5F9A1-DFD0-4176-AFBD-5C43A4C37B00}.Debug|Any CPU.Build.0 = Debug|Any CPU
		{8DD5F9A1-DFD0-4176-AFBD-5C43A4C37B00}.Release|Any CPU.ActiveCfg = Release|Any CPU
		{8DD5F9A1-DFD0-4176-AFBD-5C43A4C37B00}.Release|Any CPU.Build.0 = Release|Any CPU
	EndGlobalSection
	GlobalSection(NestedProjects) = preSolution
		{D1677EC4-122D-4045-8948-6C5596533ECD} = {63795A67-D684-45AD-986A-83147CF07BD8}
		{B2A4B904-E513-4481-A23D-FDD6E81E5A4A} = {63795A67-D684-45AD-986A-83147CF07BD8}
		{8DD5F9A1-DFD0-4176-AFBD-5C43A4C37B00} = {FDB89FB2-B7D6-4D2D-A490-BAFB2780FC91}
	EndGlobalSection
EndGlobal
